
Microsoft Visual Studio Solution File, Format Version 12.00
# Visual Studio Version 17
VisualStudioVersion = 17.7.34024.191
MinimumVisualStudioVersion = 10.0.40219.1
Project("{FAE04EC0-301F-11D3-BF4B-00C04F79EFBC}") = "L2_23", "L2_23\L2_23.csproj", "{3445A157-A846-45F5-9EB1-35F39CD8408C}"
EndProject
Global
	GlobalSection(SolutionConfigurationPlatforms) = preSolution
		Debug|Any CPU = Debug|Any CPU
		Release|Any CPU = Release|Any CPU
	EndGlobalSection
	GlobalSection(ProjectConfigurationPlatforms) = postSolution
		{3445A157-A846-45F5-9EB1-35F39CD8408C}.Debug|Any CPU.ActiveCfg = Debug|Any CPU
		{3445A157-A846-45F5-9EB1-35F39CD8408C}.Debug|Any CPU.Build.0 = Debug|Any CPU
		{3445A157-A846-45F5-9EB1-35F39CD8408C}.Release|Any CPU.ActiveCfg = Release|Any CPU
		{3445A157-A846-45F5-9EB1-35F39CD8408C}.Release|Any CPU.Build.0 = Release|Any CPU
	EndGlobalSection
	GlobalSection(SolutionProperties) = preSolution
		HideSolutionNode = FALSE
	EndGlobalSection
	GlobalSection(ExtensibilityGlobals) = postSolution
		SolutionGuid = {3AE867E8-6552-4129-B1E0-8B0C7018EFC1}
	EndGlobalSection
EndGlobal
