
Microsoft Visual Studio Solution File, Format Version 12.00
# Visual Studio Version 17
VisualStudioVersion = 17.7.34024.191
MinimumVisualStudioVersion = 10.0.40219.1
Project("{FAE04EC0-301F-11D3-BF4B-00C04F79EFBC}") = "L5_23", "L5_23\L5_23.csproj", "{7D43DFD9-8EA7-4F13-8DE9-898A0B14223E}"
EndProject
Project("{FAE04EC0-301F-11D3-BF4B-00C04F79EFBC}") = "LabsLibrary", "..\LabsLibrary\LabsLibrary.csproj", "{7AA3F87B-521B-4631-9550-D820BB562441}"
EndProject
Global
	GlobalSection(SolutionConfigurationPlatforms) = preSolution
		Debug|Any CPU = Debug|Any CPU
		Release|Any CPU = Release|Any CPU
	EndGlobalSection
	GlobalSection(ProjectConfigurationPlatforms) = postSolution
		{7D43DFD9-8EA7-4F13-8DE9-898A0B14223E}.Debug|Any CPU.ActiveCfg = Debug|Any CPU
		{7D43DFD9-8EA7-4F13-8DE9-898A0B14223E}.Debug|Any CPU.Build.0 = Debug|Any CPU
		{7D43DFD9-8EA7-4F13-8DE9-898A0B14223E}.Release|Any CPU.ActiveCfg = Release|Any CPU
		{7D43DFD9-8EA7-4F13-8DE9-898A0B14223E}.Release|Any CPU.Build.0 = Release|Any CPU
		{7AA3F87B-521B-4631-9550-D820BB562441}.Debug|Any CPU.ActiveCfg = Debug|Any CPU
		{7AA3F87B-521B-4631-9550-D820BB562441}.Debug|Any CPU.Build.0 = Debug|Any CPU
		{7AA3F87B-521B-4631-9550-D820BB562441}.Release|Any CPU.ActiveCfg = Release|Any CPU
		{7AA3F87B-521B-4631-9550-D820BB562441}.Release|Any CPU.Build.0 = Release|Any CPU
	EndGlobalSection
	GlobalSection(SolutionProperties) = preSolution
		HideSolutionNode = FALSE
	EndGlobalSection
	GlobalSection(ExtensibilityGlobals) = postSolution
		SolutionGuid = {01D289E6-0804-4702-9989-EE416DBE04B2}
	EndGlobalSection
EndGlobal
